{
  "name": "pp-cms",
  "version": "1.0.0",
  "lockfileVersion": 3,
  "requires": true,
  "packages": {
    "": {
      "name": "pp-cms",
      "version": "1.0.0",
      "license": "ISC",
      "dependencies": {
        "@fontsource/jetbrains-mono": "^5.0.14",
        "bulma": "^0.9.4"
      }
    },
    "node_modules/@fontsource/jetbrains-mono": {
      "version": "5.0.14",
      "resolved": "https://registry.npmjs.org/@fontsource/jetbrains-mono/-/jetbrains-mono-5.0.14.tgz",
      "integrity": "sha512-hqo/zJSnzQZbN871j3LXOEfLGSqk6P7lEBnbOwUbLo8Xoyszt0Doo48+1ik1fpOU7NskPGiErnRVyKWCZG65QA=="
    },
    "node_modules/bulma": {
      "version": "0.9.4",
      "resolved": "https://registry.npmjs.org/bulma/-/bulma-0.9.4.tgz",
      "integrity": "sha512-86FlT5+1GrsgKbPLRRY7cGDg8fsJiP/jzTqXXVqiUZZ2aZT8uemEOHlU1CDU+TxklPEZ11HZNNWclRBBecP4CQ=="
    }
  }
}
